// !$*UTF8*$!
{
	archiveVersion = 1;
	classes = {
	};
	objectVersion = 50;
	objects = {

/* Begin PBXBuildFile section */
		441045FD228AB3CD00BF6D92 /* detailContainer1.swift in Sources */ = {isa = PBXBuildFile; fileRef = 441045FC228AB3CD00BF6D92 /* detailContainer1.swift */; };
		441045FF228AB3EE00BF6D92 /* detailContainer2.swift in Sources */ = {isa = PBXBuildFile; fileRef = 441045FE228AB3EE00BF6D92 /* detailContainer2.swift */; };
		44104601228AB3FB00BF6D92 /* detailContainer3.swift in Sources */ = {isa = PBXBuildFile; fileRef = 44104600228AB3FB00BF6D92 /* detailContainer3.swift */; };
		44104603228AB40F00BF6D92 /* detailContainer4.swift in Sources */ = {isa = PBXBuildFile; fileRef = 44104602228AB40F00BF6D92 /* detailContainer4.swift */; };
		44104605228AB41D00BF6D92 /* detailContainer5.swift in Sources */ = {isa = PBXBuildFile; fileRef = 44104604228AB41D00BF6D92 /* detailContainer5.swift */; };
		4410460B228ACB6700BF6D92 /* detailContainer1ViewController.swift in Sources */ = {isa = PBXBuildFile; fileRef = 4410460A228ACB6700BF6D92 /* detailContainer1ViewController.swift */; };
		4410460D228ACB7C00BF6D92 /* detailContainer3ViewController.swift in Sources */ = {isa = PBXBuildFile; fileRef = 4410460C228ACB7C00BF6D92 /* detailContainer3ViewController.swift */; };
		4410460F228ACB9100BF6D92 /* detailContainer4ViewController.swift in Sources */ = {isa = PBXBuildFile; fileRef = 4410460E228ACB9100BF6D92 /* detailContainer4ViewController.swift */; };
		44104611228ACBA000BF6D92 /* detailContainer5ViewController.swift in Sources */ = {isa = PBXBuildFile; fileRef = 44104610228ACBA000BF6D92 /* detailContainer5ViewController.swift */; };
		4410ECF42294031F00CC3515 /* NoCameraPlaceholder.001.jpeg in Resources */ = {isa = PBXBuildFile; fileRef = 4410ECF32294031E00CC3515 /* NoCameraPlaceholder.001.jpeg */; };
		4410ECF62294032800CC3515 /* databasePlaceholderImage.001.jpeg in Resources */ = {isa = PBXBuildFile; fileRef = 4410ECF52294032800CC3515 /* databasePlaceholderImage.001.jpeg */; };
		44146634225D358900DD4751 /* ARViewController.swift in Sources */ = {isa = PBXBuildFile; fileRef = 44146633225D358900DD4751 /* ARViewController.swift */; };
		4414EDFF225F0AFD00D9B9CB /* chaos.jpg in Resources */ = {isa = PBXBuildFile; fileRef = 4414EDFE225F0AFC00D9B9CB /* chaos.jpg */; };
		4414EE03225F825A00D9B9CB /* share.png in Resources */ = {isa = PBXBuildFile; fileRef = 4414EE02225F825900D9B9CB /* share.png */; };
		4414EE05225F9FB100D9B9CB /* tick.jpg in Resources */ = {isa = PBXBuildFile; fileRef = 4414EE04225F9FB000D9B9CB /* tick.jpg */; };
		4414EE08225FB15700D9B9CB /* celebrationScreenViewController.swift in Sources */ = {isa = PBXBuildFile; fileRef = 4414EE07225FB15700D9B9CB /* celebrationScreenViewController.swift */; };
		442113CE2299619E00CBE431 /* UIViewExtension.swift in Sources */ = {isa = PBXBuildFile; fileRef = 442113CD2299619E00CBE431 /* UIViewExtension.swift */; };
		442113D0229961BB00CBE431 /* CoreGraphicsExtensions.swift in Sources */ = {isa = PBXBuildFile; fileRef = 442113CF229961BB00CBE431 /* CoreGraphicsExtensions.swift */; };
		442113D2229961D600CBE431 /* Extensions_UIImage.swift in Sources */ = {isa = PBXBuildFile; fileRef = 442113D1229961D600CBE431 /* Extensions_UIImage.swift */; };
		442113D42299623800CBE431 /* UIImage+PixelBuffer.swift in Sources */ = {isa = PBXBuildFile; fileRef = 442113D32299623800CBE431 /* UIImage+PixelBuffer.swift */; };
		442113D62299624C00CBE431 /* customTabBarController.swift in Sources */ = {isa = PBXBuildFile; fileRef = 442113D52299624C00CBE431 /* customTabBarController.swift */; };
		442113D82299625200CBE431 /* customTabBar.swift in Sources */ = {isa = PBXBuildFile; fileRef = 442113D72299625200CBE431 /* customTabBar.swift */; };
		442113DA2299627700CBE431 /* mainCollectionViewController.swift in Sources */ = {isa = PBXBuildFile; fileRef = 442113D92299627600CBE431 /* mainCollectionViewController.swift */; };
		442113DC2299629500CBE431 /* topView.swift in Sources */ = {isa = PBXBuildFile; fileRef = 442113DB2299629500CBE431 /* topView.swift */; };
		442113DE229962A300CBE431 /* topBarViewController.swift in Sources */ = {isa = PBXBuildFile; fileRef = 442113DD229962A300CBE431 /* topBarViewController.swift */; };
		4425CAF3225E6D1200A6DEE6 /* button.png in Resources */ = {isa = PBXBuildFile; fileRef = 4425CAF2225E6D1200A6DEE6 /* button.png */; };
		4425CAF7225E701800A6DEE6 /* back.png in Resources */ = {isa = PBXBuildFile; fileRef = 4425CAF6225E701800A6DEE6 /* back.png */; };
		4425CAF9225E71D800A6DEE6 /* hahahahahahaha.png in Resources */ = {isa = PBXBuildFile; fileRef = 4425CAF8225E71D800A6DEE6 /* hahahahahahaha.png */; };
		442F870F2289628500F4CCB5 /* DetailView.swift in Sources */ = {isa = PBXBuildFile; fileRef = 442F870E2289628500F4CCB5 /* DetailView.swift */; };
		443B66C0228EBD48007DDACC /* historyViewController.swift in Sources */ = {isa = PBXBuildFile; fileRef = 443B66BF228EBD48007DDACC /* historyViewController.swift */; };
		443B66CA22905FB4007DDACC /* face.png in Resources */ = {isa = PBXBuildFile; fileRef = 443B66C922905FB4007DDACC /* face.png */; };
		443B66CC22906000007DDACC /* eyeBlinkLeft_browDownLeft.png in Resources */ = {isa = PBXBuildFile; fileRef = 443B66CB22905FFF007DDACC /* eyeBlinkLeft_browDownLeft.png */; };
		443B66CE22906006007DDACC /* eyeBlinkLeft_browOuterUpLeft.png in Resources */ = {isa = PBXBuildFile; fileRef = 443B66CD22906006007DDACC /* eyeBlinkLeft_browOuterUpLeft.png */; };
		443B66D022906014007DDACC /* eyeBlinkRight_browDownLeft.png in Resources */ = {isa = PBXBuildFile; fileRef = 443B66CF22906014007DDACC /* eyeBlinkRight_browDownLeft.png */; };
		443B66D222906019007DDACC /* eyeBlinkRight_browOuterUpLeft.png in Resources */ = {isa = PBXBuildFile; fileRef = 443B66D122906019007DDACC /* eyeBlinkRight_browOuterUpLeft.png */; };
		443B66D422906021007DDACC /* eyeLookDownLeft_browDownLeft.png in Resources */ = {isa = PBXBuildFile; fileRef = 443B66D322906021007DDACC /* eyeLookDownLeft_browDownLeft.png */; };
		443B66D62290602D007DDACC /* eyeLookDownLeft_browOuterUpLeft.png in Resources */ = {isa = PBXBuildFile; fileRef = 443B66D52290602D007DDACC /* eyeLookDownLeft_browOuterUpLeft.png */; };
		443B66D822906034007DDACC /* eyeLookInLeft_browDownLeft.png in Resources */ = {isa = PBXBuildFile; fileRef = 443B66D722906034007DDACC /* eyeLookInLeft_browDownLeft.png */; };
		443B66DA22906039007DDACC /* eyeLookInLeft_browOuterUpLeft.png in Resources */ = {isa = PBXBuildFile; fileRef = 443B66D922906039007DDACC /* eyeLookInLeft_browOuterUpLeft.png */; };
		443B66DC2290603E007DDACC /* eyeLookOutLeft_browDownLeft.png in Resources */ = {isa = PBXBuildFile; fileRef = 443B66DB2290603E007DDACC /* eyeLookOutLeft_browDownLeft.png */; };
		443B66DE22906046007DDACC /* eyeLookOutLeft_browOuterUpLeft.png in Resources */ = {isa = PBXBuildFile; fileRef = 443B66DD22906046007DDACC /* eyeLookOutLeft_browOuterUpLeft.png */; };
		443B66E02290604C007DDACC /* eyeLookUpLeft_browDownLeft.png in Resources */ = {isa = PBXBuildFile; fileRef = 443B66DF2290604C007DDACC /* eyeLookUpLeft_browDownLeft.png */; };
		443B66E222906051007DDACC /* eyeLookUpLeft_browOuterUpLeft.png in Resources */ = {isa = PBXBuildFile; fileRef = 443B66E122906050007DDACC /* eyeLookUpLeft_browOuterUpLeft.png */; };
		443B66E422906055007DDACC /* eyeOpen_browDownLeft.png in Resources */ = {isa = PBXBuildFile; fileRef = 443B66E322906055007DDACC /* eyeOpen_browDownLeft.png */; };
		443B66E62290605F007DDACC /* eyeOpen_browOuterUpLeft.png in Resources */ = {isa = PBXBuildFile; fileRef = 443B66E52290605E007DDACC /* eyeOpen_browOuterUpLeft.png */; };
		443B66E822906064007DDACC /* eyesShut_browDownLeft.png in Resources */ = {isa = PBXBuildFile; fileRef = 443B66E722906064007DDACC /* eyesShut_browDownLeft.png */; };
		443B66EA22906069007DDACC /* eyesShut_browOuterUpLeft.png in Resources */ = {isa = PBXBuildFile; fileRef = 443B66E922906069007DDACC /* eyesShut_browOuterUpLeft.png */; };
		443B66EC2290606F007DDACC /* eyeWideLeft_browDownLeft.png in Resources */ = {isa = PBXBuildFile; fileRef = 443B66EB2290606F007DDACC /* eyeWideLeft_browDownLeft.png */; };
		443B66EE22906074007DDACC /* eyeWideLeft_browOuterUpLeft.png in Resources */ = {isa = PBXBuildFile; fileRef = 443B66ED22906074007DDACC /* eyeWideLeft_browOuterUpLeft.png */; };
		44455A2A228E7D01006A6652 /* DetailViewController.swift in Sources */ = {isa = PBXBuildFile; fileRef = 44455A29228E7D01006A6652 /* DetailViewController.swift */; };
		445138F322887411001DC15B /* cross.png in Resources */ = {isa = PBXBuildFile; fileRef = 445138F222887410001DC15B /* cross.png */; };
		445FB801225C165C007C7746 /* 1.png in Resources */ = {isa = PBXBuildFile; fileRef = 445FB800225C165B007C7746 /* 1.png */; };
		4495550B225BAB750094E317 /* PortholeView.swift in Sources */ = {isa = PBXBuildFile; fileRef = 4495550A225BAB750094E317 /* PortholeView.swift */; };
		449ACB13226110B400C9F666 /* smileView.swift in Sources */ = {isa = PBXBuildFile; fileRef = 449ACB12226110B400C9F666 /* smileView.swift */; };
		449ACB15226110B900C9F666 /* handDrawnFaceView.swift in Sources */ = {isa = PBXBuildFile; fileRef = 449ACB14226110B900C9F666 /* handDrawnFaceView.swift */; };
		449ACB17226110F300C9F666 /* customFaceARViewController.swift in Sources */ = {isa = PBXBuildFile; fileRef = 449ACB16226110F300C9F666 /* customFaceARViewController.swift */; };
		44A63E9122598D03002E656E /* rateFoodViewController.swift in Sources */ = {isa = PBXBuildFile; fileRef = 44A63E9022598D03002E656E /* rateFoodViewController.swift */; };
		44A897032292AD32002A3381 /* blueShare.jpg in Resources */ = {isa = PBXBuildFile; fileRef = 44A897022292AD31002A3381 /* blueShare.jpg */; };
		44AB154D225D94CF004E070A /* 07891284.ttf in Resources */ = {isa = PBXBuildFile; fileRef = 44AB154C225D8F44004E070A /* 07891284.ttf */; };
		44AB154F225D9A6B004E070A /* FaceViewController2.swift in Sources */ = {isa = PBXBuildFile; fileRef = 44AB154E225D9A6B004E070A /* FaceViewController2.swift */; };
		44BE3B9C22566A230090BB5F /* AppDelegate.swift in Sources */ = {isa = PBXBuildFile; fileRef = 44BE3B9B22566A230090BB5F /* AppDelegate.swift */; };
		44BE3BA122566A230090BB5F /* Main.storyboard in Resources */ = {isa = PBXBuildFile; fileRef = 44BE3B9F22566A230090BB5F /* Main.storyboard */; };
		44BE3BA622566A250090BB5F /* Assets.xcassets in Resources */ = {isa = PBXBuildFile; fileRef = 44BE3BA522566A250090BB5F /* Assets.xcassets */; };
		44BE3BA922566A250090BB5F /* LaunchScreen.storyboard in Resources */ = {isa = PBXBuildFile; fileRef = 44BE3BA722566A250090BB5F /* LaunchScreen.storyboard */; };
		44BE3BB422566A250090BB5F /* HappierFoodsTests.swift in Sources */ = {isa = PBXBuildFile; fileRef = 44BE3BB322566A250090BB5F /* HappierFoodsTests.swift */; };
		44BE3BC1225673F60090BB5F /* FaceViewController.swift in Sources */ = {isa = PBXBuildFile; fileRef = 44BE3BC0225673F60090BB5F /* FaceViewController.swift */; };
		44BE3BC3225674070090BB5F /* FaceView.swift in Sources */ = {isa = PBXBuildFile; fileRef = 44BE3BC2225674070090BB5F /* FaceView.swift */; };
		44BE3BC52256797D0090BB5F /* FacialExpression.swift in Sources */ = {isa = PBXBuildFile; fileRef = 44BE3BC42256797D0090BB5F /* FacialExpression.swift */; };
		44D519F0225E3301001BD7FB /* icons1.png in Resources */ = {isa = PBXBuildFile; fileRef = 44D519ED225E3301001BD7FB /* icons1.png */; };
		44D519F1225E3301001BD7FB /* icons2.png in Resources */ = {isa = PBXBuildFile; fileRef = 44D519EE225E3301001BD7FB /* icons2.png */; };
		44D519F2225E3301001BD7FB /* icons3.png in Resources */ = {isa = PBXBuildFile; fileRef = 44D519EF225E3301001BD7FB /* icons3.png */; };
		44D5985B2259346700267E71 /* mainCollectionViewCell.swift in Sources */ = {isa = PBXBuildFile; fileRef = 44D5985A2259346700267E71 /* mainCollectionViewCell.swift */; };
		44D5986122594EC900267E71 /* footerViewController.swift in Sources */ = {isa = PBXBuildFile; fileRef = 44D5986022594EC900267E71 /* footerViewController.swift */; };
		44D598632259535100267E71 /* mainViewController.swift in Sources */ = {isa = PBXBuildFile; fileRef = 44D598622259535100267E71 /* mainViewController.swift */; };
		44D598652259582B00267E71 /* dataInputViewController.swift in Sources */ = {isa = PBXBuildFile; fileRef = 44D598642259582B00267E71 /* dataInputViewController.swift */; };
		44F07812228D99A400427FEB /* HappierFoods.xcdatamodeld in Sources */ = {isa = PBXBuildFile; fileRef = 44F07810228D99A400427FEB /* HappierFoods.xcdatamodeld */; };
		44FC46A1229338CE00785901 /* Extensions_Notifications.swift in Sources */ = {isa = PBXBuildFile; fileRef = 44FC46A0229338CE00785901 /* Extensions_Notifications.swift */; };
/* End PBXBuildFile section */

/* Begin PBXContainerItemProxy section */
		44BE3BB022566A250090BB5F /* PBXContainerItemProxy */ = {
			isa = PBXContainerItemProxy;
			containerPortal = 44BE3B9022566A230090BB5F /* Project object */;
			proxyType = 1;
			remoteGlobalIDString = 44BE3B9722566A230090BB5F;
			remoteInfo = HappierFoods;
		};
/* End PBXContainerItemProxy section */

/* Begin PBXFileReference section */
		441045FC228AB3CD00BF6D92 /* detailContainer1.swift */ = {isa = PBXFileReference; lastKnownFileType = sourcecode.swift; path = detailContainer1.swift; sourceTree = "<group>"; };
		441045FE228AB3EE00BF6D92 /* detailContainer2.swift */ = {isa = PBXFileReference; lastKnownFileType = sourcecode.swift; path = detailContainer2.swift; sourceTree = "<group>"; };
		44104600228AB3FB00BF6D92 /* detailContainer3.swift */ = {isa = PBXFileReference; lastKnownFileType = sourcecode.swift; path = detailContainer3.swift; sourceTree = "<group>"; };
		44104602228AB40F00BF6D92 /* detailContainer4.swift */ = {isa = PBXFileReference; lastKnownFileType = sourcecode.swift; path = detailContainer4.swift; sourceTree = "<group>"; };
		44104604228AB41D00BF6D92 /* detailContainer5.swift */ = {isa = PBXFileReference; lastKnownFileType = sourcecode.swift; path = detailContainer5.swift; sourceTree = "<group>"; };
		4410460A228ACB6700BF6D92 /* detailContainer1ViewController.swift */ = {isa = PBXFileReference; lastKnownFileType = sourcecode.swift; path = detailContainer1ViewController.swift; sourceTree = "<group>"; };
		4410460C228ACB7C00BF6D92 /* detailContainer3ViewController.swift */ = {isa = PBXFileReference; lastKnownFileType = sourcecode.swift; path = detailContainer3ViewController.swift; sourceTree = "<group>"; };
		4410460E228ACB9100BF6D92 /* detailContainer4ViewController.swift */ = {isa = PBXFileReference; lastKnownFileType = sourcecode.swift; path = detailContainer4ViewController.swift; sourceTree = "<group>"; };
		44104610228ACBA000BF6D92 /* detailContainer5ViewController.swift */ = {isa = PBXFileReference; lastKnownFileType = sourcecode.swift; path = detailContainer5ViewController.swift; sourceTree = "<group>"; };
		4410ECF32294031E00CC3515 /* NoCameraPlaceholder.001.jpeg */ = {isa = PBXFileReference; lastKnownFileType = image.jpeg; path = NoCameraPlaceholder.001.jpeg; sourceTree = "<group>"; };
		4410ECF52294032800CC3515 /* databasePlaceholderImage.001.jpeg */ = {isa = PBXFileReference; lastKnownFileType = image.jpeg; path = databasePlaceholderImage.001.jpeg; sourceTree = "<group>"; };
		44146633225D358900DD4751 /* ARViewController.swift */ = {isa = PBXFileReference; lastKnownFileType = sourcecode.swift; path = ARViewController.swift; sourceTree = "<group>"; };
		4414EDFE225F0AFC00D9B9CB /* chaos.jpg */ = {isa = PBXFileReference; lastKnownFileType = image.jpeg; path = chaos.jpg; sourceTree = "<group>"; };
		4414EE02225F825900D9B9CB /* share.png */ = {isa = PBXFileReference; lastKnownFileType = image.png; path = share.png; sourceTree = "<group>"; };
		4414EE04225F9FB000D9B9CB /* tick.jpg */ = {isa = PBXFileReference; lastKnownFileType = image.jpeg; path = tick.jpg; sourceTree = "<group>"; };
		4414EE07225FB15700D9B9CB /* celebrationScreenViewController.swift */ = {isa = PBXFileReference; lastKnownFileType = sourcecode.swift; path = celebrationScreenViewController.swift; sourceTree = "<group>"; };
		442113CD2299619E00CBE431 /* UIViewExtension.swift */ = {isa = PBXFileReference; fileEncoding = 4; lastKnownFileType = sourcecode.swift; path = UIViewExtension.swift; sourceTree = "<group>"; };
		442113CF229961BB00CBE431 /* CoreGraphicsExtensions.swift */ = {isa = PBXFileReference; fileEncoding = 4; lastKnownFileType = sourcecode.swift; path = CoreGraphicsExtensions.swift; sourceTree = "<group>"; };
		442113D1229961D600CBE431 /* Extensions_UIImage.swift */ = {isa = PBXFileReference; fileEncoding = 4; lastKnownFileType = sourcecode.swift; path = Extensions_UIImage.swift; sourceTree = "<group>"; };
		442113D32299623800CBE431 /* UIImage+PixelBuffer.swift */ = {isa = PBXFileReference; fileEncoding = 4; lastKnownFileType = sourcecode.swift; path = "UIImage+PixelBuffer.swift"; sourceTree = "<group>"; };
		442113D52299624C00CBE431 /* customTabBarController.swift */ = {isa = PBXFileReference; fileEncoding = 4; lastKnownFileType = sourcecode.swift; path = customTabBarController.swift; sourceTree = "<group>"; };
		442113D72299625200CBE431 /* customTabBar.swift */ = {isa = PBXFileReference; fileEncoding = 4; lastKnownFileType = sourcecode.swift; path = customTabBar.swift; sourceTree = "<group>"; };
		442113D92299627600CBE431 /* mainCollectionViewController.swift */ = {isa = PBXFileReference; fileEncoding = 4; lastKnownFileType = sourcecode.swift; path = mainCollectionViewController.swift; sourceTree = "<group>"; };
		442113DB2299629500CBE431 /* topView.swift */ = {isa = PBXFileReference; fileEncoding = 4; lastKnownFileType = sourcecode.swift; path = topView.swift; sourceTree = "<group>"; };
		442113DD229962A300CBE431 /* topBarViewController.swift */ = {isa = PBXFileReference; fileEncoding = 4; lastKnownFileType = sourcecode.swift; path = topBarViewController.swift; sourceTree = "<group>"; };
		4425CAF2225E6D1200A6DEE6 /* button.png */ = {isa = PBXFileReference; lastKnownFileType = image.png; path = button.png; sourceTree = "<group>"; };
		4425CAF6225E701800A6DEE6 /* back.png */ = {isa = PBXFileReference; lastKnownFileType = image.png; path = back.png; sourceTree = "<group>"; };
		4425CAF8225E71D800A6DEE6 /* hahahahahahaha.png */ = {isa = PBXFileReference; lastKnownFileType = image.png; name = hahahahahahaha.png; path = ../../../Downloads/hahahahahahaha.png; sourceTree = "<group>"; };
		442F870E2289628500F4CCB5 /* DetailView.swift */ = {isa = PBXFileReference; lastKnownFileType = sourcecode.swift; path = DetailView.swift; sourceTree = "<group>"; };
		443B66BF228EBD48007DDACC /* historyViewController.swift */ = {isa = PBXFileReference; fileEncoding = 4; lastKnownFileType = sourcecode.swift; path = historyViewController.swift; sourceTree = "<group>"; };
		443B66C922905FB4007DDACC /* face.png */ = {isa = PBXFileReference; lastKnownFileType = image.png; path = face.png; sourceTree = "<group>"; };
		443B66CB22905FFF007DDACC /* eyeBlinkLeft_browDownLeft.png */ = {isa = PBXFileReference; lastKnownFileType = image.png; path = eyeBlinkLeft_browDownLeft.png; sourceTree = "<group>"; };
		443B66CD22906006007DDACC /* eyeBlinkLeft_browOuterUpLeft.png */ = {isa = PBXFileReference; lastKnownFileType = image.png; path = eyeBlinkLeft_browOuterUpLeft.png; sourceTree = "<group>"; };
		443B66CF22906014007DDACC /* eyeBlinkRight_browDownLeft.png */ = {isa = PBXFileReference; lastKnownFileType = image.png; path = eyeBlinkRight_browDownLeft.png; sourceTree = "<group>"; };
		443B66D122906019007DDACC /* eyeBlinkRight_browOuterUpLeft.png */ = {isa = PBXFileReference; lastKnownFileType = image.png; path = eyeBlinkRight_browOuterUpLeft.png; sourceTree = "<group>"; };
		443B66D322906021007DDACC /* eyeLookDownLeft_browDownLeft.png */ = {isa = PBXFileReference; lastKnownFileType = image.png; path = eyeLookDownLeft_browDownLeft.png; sourceTree = "<group>"; };
		443B66D52290602D007DDACC /* eyeLookDownLeft_browOuterUpLeft.png */ = {isa = PBXFileReference; lastKnownFileType = image.png; path = eyeLookDownLeft_browOuterUpLeft.png; sourceTree = "<group>"; };
		443B66D722906034007DDACC /* eyeLookInLeft_browDownLeft.png */ = {isa = PBXFileReference; lastKnownFileType = image.png; path = eyeLookInLeft_browDownLeft.png; sourceTree = "<group>"; };
		443B66D922906039007DDACC /* eyeLookInLeft_browOuterUpLeft.png */ = {isa = PBXFileReference; lastKnownFileType = image.png; path = eyeLookInLeft_browOuterUpLeft.png; sourceTree = "<group>"; };
		443B66DB2290603E007DDACC /* eyeLookOutLeft_browDownLeft.png */ = {isa = PBXFileReference; lastKnownFileType = image.png; path = eyeLookOutLeft_browDownLeft.png; sourceTree = "<group>"; };
		443B66DD22906046007DDACC /* eyeLookOutLeft_browOuterUpLeft.png */ = {isa = PBXFileReference; lastKnownFileType = image.png; path = eyeLookOutLeft_browOuterUpLeft.png; sourceTree = "<group>"; };
		443B66DF2290604C007DDACC /* eyeLookUpLeft_browDownLeft.png */ = {isa = PBXFileReference; lastKnownFileType = image.png; path = eyeLookUpLeft_browDownLeft.png; sourceTree = "<group>"; };
		443B66E122906050007DDACC /* eyeLookUpLeft_browOuterUpLeft.png */ = {isa = PBXFileReference; lastKnownFileType = image.png; path = eyeLookUpLeft_browOuterUpLeft.png; sourceTree = "<group>"; };
		443B66E322906055007DDACC /* eyeOpen_browDownLeft.png */ = {isa = PBXFileReference; lastKnownFileType = image.png; path = eyeOpen_browDownLeft.png; sourceTree = "<group>"; };
		443B66E52290605E007DDACC /* eyeOpen_browOuterUpLeft.png */ = {isa = PBXFileReference; lastKnownFileType = image.png; path = eyeOpen_browOuterUpLeft.png; sourceTree = "<group>"; };
		443B66E722906064007DDACC /* eyesShut_browDownLeft.png */ = {isa = PBXFileReference; lastKnownFileType = image.png; path = eyesShut_browDownLeft.png; sourceTree = "<group>"; };
		443B66E922906069007DDACC /* eyesShut_browOuterUpLeft.png */ = {isa = PBXFileReference; lastKnownFileType = image.png; path = eyesShut_browOuterUpLeft.png; sourceTree = "<group>"; };
		443B66EB2290606F007DDACC /* eyeWideLeft_browDownLeft.png */ = {isa = PBXFileReference; lastKnownFileType = image.png; path = eyeWideLeft_browDownLeft.png; sourceTree = "<group>"; };
		443B66ED22906074007DDACC /* eyeWideLeft_browOuterUpLeft.png */ = {isa = PBXFileReference; lastKnownFileType = image.png; path = eyeWideLeft_browOuterUpLeft.png; sourceTree = "<group>"; };
		44455A29228E7D01006A6652 /* DetailViewController.swift */ = {isa = PBXFileReference; lastKnownFileType = sourcecode.swift; path = DetailViewController.swift; sourceTree = "<group>"; };
		445138F222887410001DC15B /* cross.png */ = {isa = PBXFileReference; lastKnownFileType = image.png; path = cross.png; sourceTree = "<group>"; };
		445FB800225C165B007C7746 /* 1.png */ = {isa = PBXFileReference; lastKnownFileType = image.png; path = 1.png; sourceTree = "<group>"; };
		4495550A225BAB750094E317 /* PortholeView.swift */ = {isa = PBXFileReference; lastKnownFileType = sourcecode.swift; path = PortholeView.swift; sourceTree = "<group>"; };
		449ACB12226110B400C9F666 /* smileView.swift */ = {isa = PBXFileReference; fileEncoding = 4; lastKnownFileType = sourcecode.swift; path = smileView.swift; sourceTree = "<group>"; };
		449ACB14226110B900C9F666 /* handDrawnFaceView.swift */ = {isa = PBXFileReference; fileEncoding = 4; lastKnownFileType = sourcecode.swift; path = handDrawnFaceView.swift; sourceTree = "<group>"; };
		449ACB16226110F300C9F666 /* customFaceARViewController.swift */ = {isa = PBXFileReference; fileEncoding = 4; lastKnownFileType = sourcecode.swift; path = customFaceARViewController.swift; sourceTree = "<group>"; };
		44A63E9022598D03002E656E /* rateFoodViewController.swift */ = {isa = PBXFileReference; lastKnownFileType = sourcecode.swift; path = rateFoodViewController.swift; sourceTree = "<group>"; };
		44A897022292AD31002A3381 /* blueShare.jpg */ = {isa = PBXFileReference; lastKnownFileType = image.jpeg; path = blueShare.jpg; sourceTree = "<group>"; };
		44AB154C225D8F44004E070A /* 07891284.ttf */ = {isa = PBXFileReference; lastKnownFileType = file; path = 07891284.ttf; sourceTree = "<group>"; };
		44AB154E225D9A6B004E070A /* FaceViewController2.swift */ = {isa = PBXFileReference; lastKnownFileType = sourcecode.swift; path = FaceViewController2.swift; sourceTree = "<group>"; };
		44BE3B9822566A230090BB5F /* HappierFoods.app */ = {isa = PBXFileReference; explicitFileType = wrapper.application; includeInIndex = 0; path = HappierFoods.app; sourceTree = BUILT_PRODUCTS_DIR; };
		44BE3B9B22566A230090BB5F /* AppDelegate.swift */ = {isa = PBXFileReference; lastKnownFileType = sourcecode.swift; path = AppDelegate.swift; sourceTree = "<group>"; };
		44BE3BA022566A230090BB5F /* Base */ = {isa = PBXFileReference; lastKnownFileType = file.storyboard; name = Base; path = Base.lproj/Main.storyboard; sourceTree = "<group>"; };
		44BE3BA522566A250090BB5F /* Assets.xcassets */ = {isa = PBXFileReference; lastKnownFileType = folder.assetcatalog; path = Assets.xcassets; sourceTree = "<group>"; };
		44BE3BA822566A250090BB5F /* Base */ = {isa = PBXFileReference; lastKnownFileType = file.storyboard; name = Base; path = Base.lproj/LaunchScreen.storyboard; sourceTree = "<group>"; };
		44BE3BAA22566A250090BB5F /* Info.plist */ = {isa = PBXFileReference; lastKnownFileType = text.plist.xml; path = Info.plist; sourceTree = "<group>"; };
		44BE3BAF22566A250090BB5F /* HappierFoodsTests.xctest */ = {isa = PBXFileReference; explicitFileType = wrapper.cfbundle; includeInIndex = 0; path = HappierFoodsTests.xctest; sourceTree = BUILT_PRODUCTS_DIR; };
		44BE3BB322566A250090BB5F /* HappierFoodsTests.swift */ = {isa = PBXFileReference; lastKnownFileType = sourcecode.swift; path = HappierFoodsTests.swift; sourceTree = "<group>"; };
		44BE3BB522566A250090BB5F /* Info.plist */ = {isa = PBXFileReference; lastKnownFileType = text.plist.xml; path = Info.plist; sourceTree = "<group>"; };
		44BE3BC0225673F60090BB5F /* FaceViewController.swift */ = {isa = PBXFileReference; lastKnownFileType = sourcecode.swift; path = FaceViewController.swift; sourceTree = "<group>"; };
		44BE3BC2225674070090BB5F /* FaceView.swift */ = {isa = PBXFileReference; lastKnownFileType = sourcecode.swift; path = FaceView.swift; sourceTree = "<group>"; };
		44BE3BC42256797D0090BB5F /* FacialExpression.swift */ = {isa = PBXFileReference; lastKnownFileType = sourcecode.swift; path = FacialExpression.swift; sourceTree = "<group>"; };
		44D519ED225E3301001BD7FB /* icons1.png */ = {isa = PBXFileReference; lastKnownFileType = image.png; path = icons1.png; sourceTree = "<group>"; };
		44D519EE225E3301001BD7FB /* icons2.png */ = {isa = PBXFileReference; lastKnownFileType = image.png; path = icons2.png; sourceTree = "<group>"; };
		44D519EF225E3301001BD7FB /* icons3.png */ = {isa = PBXFileReference; lastKnownFileType = image.png; path = icons3.png; sourceTree = "<group>"; };
		44D5985A2259346700267E71 /* mainCollectionViewCell.swift */ = {isa = PBXFileReference; lastKnownFileType = sourcecode.swift; path = mainCollectionViewCell.swift; sourceTree = "<group>"; };
		44D5986022594EC900267E71 /* footerViewController.swift */ = {isa = PBXFileReference; lastKnownFileType = sourcecode.swift; path = footerViewController.swift; sourceTree = "<group>"; };
		44D598622259535100267E71 /* mainViewController.swift */ = {isa = PBXFileReference; lastKnownFileType = sourcecode.swift; path = mainViewController.swift; sourceTree = "<group>"; };
		44D598642259582B00267E71 /* dataInputViewController.swift */ = {isa = PBXFileReference; lastKnownFileType = sourcecode.swift; path = dataInputViewController.swift; sourceTree = "<group>"; };
		44F07811228D99A400427FEB /* HappierFoods.xcdatamodel */ = {isa = PBXFileReference; lastKnownFileType = wrapper.xcdatamodel; path = HappierFoods.xcdatamodel; sourceTree = "<group>"; };
		44FC46A0229338CE00785901 /* Extensions_Notifications.swift */ = {isa = PBXFileReference; lastKnownFileType = sourcecode.swift; path = Extensions_Notifications.swift; sourceTree = "<group>"; };
/* End PBXFileReference section */

/* Begin PBXFrameworksBuildPhase section */
		44BE3B9522566A230090BB5F /* Frameworks */ = {
			isa = PBXFrameworksBuildPhase;
			buildActionMask = 2147483647;
			files = (
			);
			runOnlyForDeploymentPostprocessing = 0;
		};
		44BE3BAC22566A250090BB5F /* Frameworks */ = {
			isa = PBXFrameworksBuildPhase;
			buildActionMask = 2147483647;
			files = (
			);
			runOnlyForDeploymentPostprocessing = 0;
		};
/* End PBXFrameworksBuildPhase section */

/* Begin PBXGroup section */
		442DBBC3225AAC6700D95125 /* Uninteresting VCs */ = {
			isa = PBXGroup;
			children = (
				443B66BF228EBD48007DDACC /* historyViewController.swift */,
			);
			path = "Uninteresting VCs";
			sourceTree = "<group>";
		};
		442F8713228962DF00F4CCB5 /* detailView */ = {
			isa = PBXGroup;
			children = (
				442F870E2289628500F4CCB5 /* DetailView.swift */,
				44FC46A0229338CE00785901 /* Extensions_Notifications.swift */,
				44104610228ACBA000BF6D92 /* detailContainer5ViewController.swift */,
				4410460A228ACB6700BF6D92 /* detailContainer1ViewController.swift */,
				44455A29228E7D01006A6652 /* DetailViewController.swift */,
				4410460C228ACB7C00BF6D92 /* detailContainer3ViewController.swift */,
				4410460E228ACB9100BF6D92 /* detailContainer4ViewController.swift */,
				441045FC228AB3CD00BF6D92 /* detailContainer1.swift */,
				441045FE228AB3EE00BF6D92 /* detailContainer2.swift */,
				44104600228AB3FB00BF6D92 /* detailContainer3.swift */,
				44104602228AB40F00BF6D92 /* detailContainer4.swift */,
				44104604228AB41D00BF6D92 /* detailContainer5.swift */,
			);
			path = detailView;
			sourceTree = "<group>";
		};
		44BE3B8F22566A230090BB5F = {
			isa = PBXGroup;
			children = (
				44BE3B9A22566A230090BB5F /* HappierFoods */,
				44BE3BB222566A250090BB5F /* HappierFoodsTests */,
				44BE3B9922566A230090BB5F /* Products */,
			);
			sourceTree = "<group>";
		};
		44BE3B9922566A230090BB5F /* Products */ = {
			isa = PBXGroup;
			children = (
				44BE3B9822566A230090BB5F /* HappierFoods.app */,
				44BE3BAF22566A250090BB5F /* HappierFoodsTests.xctest */,
			);
			name = Products;
			sourceTree = "<group>";
		};
		44BE3B9A22566A230090BB5F /* HappierFoods */ = {
			isa = PBXGroup;
			children = (
				44BE3B9B22566A230090BB5F /* AppDelegate.swift */,
				44A63E9022598D03002E656E /* rateFoodViewController.swift */,
				44BE3B9F22566A230090BB5F /* Main.storyboard */,
				442F8713228962DF00F4CCB5 /* detailView */,
				4414EE07225FB15700D9B9CB /* celebrationScreenViewController.swift */,
				44AB154C225D8F44004E070A /* 07891284.ttf */,
				442113DD229962A300CBE431 /* topBarViewController.swift */,
				442113DB2299629500CBE431 /* topView.swift */,
				44D598642259582B00267E71 /* dataInputViewController.swift */,
				44D5985A2259346700267E71 /* mainCollectionViewCell.swift */,
				44D598622259535100267E71 /* mainViewController.swift */,
				449ACB14226110B900C9F666 /* handDrawnFaceView.swift */,
				449ACB12226110B400C9F666 /* smileView.swift */,
				44BE3BC42256797D0090BB5F /* FacialExpression.swift */,
				44BE3BC0225673F60090BB5F /* FaceViewController.swift */,
				4495550A225BAB750094E317 /* PortholeView.swift */,
				449ACB16226110F300C9F666 /* customFaceARViewController.swift */,
				44146633225D358900DD4751 /* ARViewController.swift */,
				44AB154E225D9A6B004E070A /* FaceViewController2.swift */,
				44BE3BC2225674070090BB5F /* FaceView.swift */,
				4425CAF8225E71D800A6DEE6 /* hahahahahahaha.png */,
				44D5986022594EC900267E71 /* footerViewController.swift */,
				44BE3BA522566A250090BB5F /* Assets.xcassets */,
				445138F222887410001DC15B /* cross.png */,
				44A897022292AD31002A3381 /* blueShare.jpg */,
				4414EE02225F825900D9B9CB /* share.png */,
				443B66C922905FB4007DDACC /* face.png */,
				443B66E52290605E007DDACC /* eyeOpen_browOuterUpLeft.png */,
				443B66CB22905FFF007DDACC /* eyeBlinkLeft_browDownLeft.png */,
				443B66CD22906006007DDACC /* eyeBlinkLeft_browOuterUpLeft.png */,
				443B66CF22906014007DDACC /* eyeBlinkRight_browDownLeft.png */,
				443B66D122906019007DDACC /* eyeBlinkRight_browOuterUpLeft.png */,
				443B66D322906021007DDACC /* eyeLookDownLeft_browDownLeft.png */,
				443B66D52290602D007DDACC /* eyeLookDownLeft_browOuterUpLeft.png */,
				443B66D722906034007DDACC /* eyeLookInLeft_browDownLeft.png */,
				443B66D922906039007DDACC /* eyeLookInLeft_browOuterUpLeft.png */,
				443B66DB2290603E007DDACC /* eyeLookOutLeft_browDownLeft.png */,
				443B66E122906050007DDACC /* eyeLookUpLeft_browOuterUpLeft.png */,
				443B66EB2290606F007DDACC /* eyeWideLeft_browDownLeft.png */,
				443B66DF2290604C007DDACC /* eyeLookUpLeft_browDownLeft.png */,
				443B66ED22906074007DDACC /* eyeWideLeft_browOuterUpLeft.png */,
				443B66DD22906046007DDACC /* eyeLookOutLeft_browOuterUpLeft.png */,
				443B66E722906064007DDACC /* eyesShut_browDownLeft.png */,
				443B66E922906069007DDACC /* eyesShut_browOuterUpLeft.png */,
				4410ECF32294031E00CC3515 /* NoCameraPlaceholder.001.jpeg */,
				4410ECF52294032800CC3515 /* databasePlaceholderImage.001.jpeg */,
				44D519ED225E3301001BD7FB /* icons1.png */,
				4414EE04225F9FB000D9B9CB /* tick.jpg */,
				4425CAF2225E6D1200A6DEE6 /* button.png */,
				443B66E322906055007DDACC /* eyeOpen_browDownLeft.png */,
				44D519EE225E3301001BD7FB /* icons2.png */,
				44D519EF225E3301001BD7FB /* icons3.png */,
				4414EDFE225F0AFC00D9B9CB /* chaos.jpg */,
				44F07810228D99A400427FEB /* HappierFoods.xcdatamodeld */,
				4425CAF6225E701800A6DEE6 /* back.png */,
				445FB800225C165B007C7746 /* 1.png */,
				44BE3BA722566A250090BB5F /* LaunchScreen.storyboard */,
				44BE3BAA22566A250090BB5F /* Info.plist */,
				442DBBC3225AAC6700D95125 /* Uninteresting VCs */,
				44D5985322592F0D00267E71 /* Navigation Custom Classes  */,
				44BE3BC6225699B50090BB5F /* Extensions */,
			);
			path = HappierFoods;
			sourceTree = "<group>";
		};
		44BE3BB222566A250090BB5F /* HappierFoodsTests */ = {
			isa = PBXGroup;
			children = (
				44BE3BB322566A250090BB5F /* HappierFoodsTests.swift */,
				44BE3BB522566A250090BB5F /* Info.plist */,
			);
			path = HappierFoodsTests;
			sourceTree = "<group>";
		};
		44BE3BC6225699B50090BB5F /* Extensions */ = {
			isa = PBXGroup;
			children = (
				442113D1229961D600CBE431 /* Extensions_UIImage.swift */,
				442113CF229961BB00CBE431 /* CoreGraphicsExtensions.swift */,
				442113CD2299619E00CBE431 /* UIViewExtension.swift */,
			);
			path = Extensions;
			sourceTree = "<group>";
		};
		44D5985322592F0D00267E71 /* Navigation Custom Classes  */ = {
			isa = PBXGroup;
			children = (
				442113D32299623800CBE431 /* UIImage+PixelBuffer.swift */,
				442113D72299625200CBE431 /* customTabBar.swift */,
				442113D92299627600CBE431 /* mainCollectionViewController.swift */,
				442113D52299624C00CBE431 /* customTabBarController.swift */,
			);
			path = "Navigation Custom Classes ";
			sourceTree = "<group>";
		};
/* End PBXGroup section */

/* Begin PBXNativeTarget section */
		44BE3B9722566A230090BB5F /* HappierFoods */ = {
			isa = PBXNativeTarget;
			buildConfigurationList = 44BE3BB822566A250090BB5F /* Build configuration list for PBXNativeTarget "HappierFoods" */;
			buildPhases = (
				44BE3B9422566A230090BB5F /* Sources */,
				44BE3B9522566A230090BB5F /* Frameworks */,
				44BE3B9622566A230090BB5F /* Resources */,
			);
			buildRules = (
			);
			dependencies = (
			);
			name = HappierFoods;
			productName = HappierFoods;
			productReference = 44BE3B9822566A230090BB5F /* HappierFoods.app */;
			productType = "com.apple.product-type.application";
		};
		44BE3BAE22566A250090BB5F /* HappierFoodsTests */ = {
			isa = PBXNativeTarget;
			buildConfigurationList = 44BE3BBB22566A250090BB5F /* Build configuration list for PBXNativeTarget "HappierFoodsTests" */;
			buildPhases = (
				44BE3BAB22566A250090BB5F /* Sources */,
				44BE3BAC22566A250090BB5F /* Frameworks */,
				44BE3BAD22566A250090BB5F /* Resources */,
			);
			buildRules = (
			);
			dependencies = (
				44BE3BB122566A250090BB5F /* PBXTargetDependency */,
			);
			name = HappierFoodsTests;
			productName = HappierFoodsTests;
			productReference = 44BE3BAF22566A250090BB5F /* HappierFoodsTests.xctest */;
			productType = "com.apple.product-type.bundle.unit-test";
		};
/* End PBXNativeTarget section */

/* Begin PBXProject section */
		44BE3B9022566A230090BB5F /* Project object */ = {
			isa = PBXProject;
			attributes = {
				LastSwiftUpdateCheck = 1010;
				LastUpgradeCheck = 1010;
				ORGANIZATIONNAME = "Kate Roberts";
				TargetAttributes = {
					44BE3B9722566A230090BB5F = {
						CreatedOnToolsVersion = 10.1;
					};
					44BE3BAE22566A250090BB5F = {
						CreatedOnToolsVersion = 10.1;
						TestTargetID = 44BE3B9722566A230090BB5F;
					};
				};
			};
			buildConfigurationList = 44BE3B9322566A230090BB5F /* Build configuration list for PBXProject "HappierFoods" */;
			compatibilityVersion = "Xcode 9.3";
			developmentRegion = en;
			hasScannedForEncodings = 0;
			knownRegions = (
				en,
				Base,
			);
			mainGroup = 44BE3B8F22566A230090BB5F;
			productRefGroup = 44BE3B9922566A230090BB5F /* Products */;
			projectDirPath = "";
			projectRoot = "";
			targets = (
				44BE3B9722566A230090BB5F /* HappierFoods */,
				44BE3BAE22566A250090BB5F /* HappierFoodsTests */,
			);
		};
/* End PBXProject section */

/* Begin PBXResourcesBuildPhase section */
		44BE3B9622566A230090BB5F /* Resources */ = {
			isa = PBXResourcesBuildPhase;
			buildActionMask = 2147483647;
			files = (
				4410ECF42294031F00CC3515 /* NoCameraPlaceholder.001.jpeg in Resources */,
				445138F322887411001DC15B /* cross.png in Resources */,
				4410ECF62294032800CC3515 /* databasePlaceholderImage.001.jpeg in Resources */,
				44D519F0225E3301001BD7FB /* icons1.png in Resources */,
				443B66E822906064007DDACC /* eyesShut_browDownLeft.png in Resources */,
				443B66E222906051007DDACC /* eyeLookUpLeft_browOuterUpLeft.png in Resources */,
				44BE3BA922566A250090BB5F /* LaunchScreen.storyboard in Resources */,
				445FB801225C165C007C7746 /* 1.png in Resources */,
				44BE3BA622566A250090BB5F /* Assets.xcassets in Resources */,
				443B66DE22906046007DDACC /* eyeLookOutLeft_browOuterUpLeft.png in Resources */,
				4414EE05225F9FB100D9B9CB /* tick.jpg in Resources */,
				443B66CA22905FB4007DDACC /* face.png in Resources */,
				443B66DC2290603E007DDACC /* eyeLookOutLeft_browDownLeft.png in Resources */,
				443B66D822906034007DDACC /* eyeLookInLeft_browDownLeft.png in Resources */,
				4425CAF9225E71D800A6DEE6 /* hahahahahahaha.png in Resources */,
				443B66EE22906074007DDACC /* eyeWideLeft_browOuterUpLeft.png in Resources */,
				44A897032292AD32002A3381 /* blueShare.jpg in Resources */,
				44D519F2225E3301001BD7FB /* icons3.png in Resources */,
				443B66D62290602D007DDACC /* eyeLookDownLeft_browOuterUpLeft.png in Resources */,
				443B66DA22906039007DDACC /* eyeLookInLeft_browOuterUpLeft.png in Resources */,
				443B66EA22906069007DDACC /* eyesShut_browOuterUpLeft.png in Resources */,
				4414EDFF225F0AFD00D9B9CB /* chaos.jpg in Resources */,
				44D519F1225E3301001BD7FB /* icons2.png in Resources */,
				443B66EC2290606F007DDACC /* eyeWideLeft_browDownLeft.png in Resources */,
				443B66CC22906000007DDACC /* eyeBlinkLeft_browDownLeft.png in Resources */,
				44BE3BA122566A230090BB5F /* Main.storyboard in Resources */,
				4425CAF7225E701800A6DEE6 /* back.png in Resources */,
				4425CAF3225E6D1200A6DEE6 /* button.png in Resources */,
				44AB154D225D94CF004E070A /* 07891284.ttf in Resources */,
				443B66D222906019007DDACC /* eyeBlinkRight_browOuterUpLeft.png in Resources */,
				443B66E62290605F007DDACC /* eyeOpen_browOuterUpLeft.png in Resources */,
				443B66CE22906006007DDACC /* eyeBlinkLeft_browOuterUpLeft.png in Resources */,
				443B66D022906014007DDACC /* eyeBlinkRight_browDownLeft.png in Resources */,
				443B66E422906055007DDACC /* eyeOpen_browDownLeft.png in Resources */,
				443B66E02290604C007DDACC /* eyeLookUpLeft_browDownLeft.png in Resources */,
				443B66D422906021007DDACC /* eyeLookDownLeft_browDownLeft.png in Resources */,
				4414EE03225F825A00D9B9CB /* share.png in Resources */,
			);
			runOnlyForDeploymentPostprocessing = 0;
		};
		44BE3BAD22566A250090BB5F /* Resources */ = {
			isa = PBXResourcesBuildPhase;
			buildActionMask = 2147483647;
			files = (
			);
			runOnlyForDeploymentPostprocessing = 0;
		};
/* End PBXResourcesBuildPhase section */

/* Begin PBXSourcesBuildPhase section */
		44BE3B9422566A230090BB5F /* Sources */ = {
			isa = PBXSourcesBuildPhase;
			buildActionMask = 2147483647;
			files = (
				4410460F228ACB9100BF6D92 /* detailContainer4ViewController.swift in Sources */,
				449ACB15226110B900C9F666 /* handDrawnFaceView.swift in Sources */,
				44FC46A1229338CE00785901 /* Extensions_Notifications.swift in Sources */,
				44AB154F225D9A6B004E070A /* FaceViewController2.swift in Sources */,
				442113D82299625200CBE431 /* customTabBar.swift in Sources */,
				441045FD228AB3CD00BF6D92 /* detailContainer1.swift in Sources */,
				44146634225D358900DD4751 /* ARViewController.swift in Sources */,
				44104605228AB41D00BF6D92 /* detailContainer5.swift in Sources */,
				442113D62299624C00CBE431 /* customTabBarController.swift in Sources */,
				4414EE08225FB15700D9B9CB /* celebrationScreenViewController.swift in Sources */,
				44D598632259535100267E71 /* mainViewController.swift in Sources */,
				442113DE229962A300CBE431 /* topBarViewController.swift in Sources */,
				44D5986122594EC900267E71 /* footerViewController.swift in Sources */,
				442113D42299623800CBE431 /* UIImage+PixelBuffer.swift in Sources */,
				442F870F2289628500F4CCB5 /* DetailView.swift in Sources */,
				4410460B228ACB6700BF6D92 /* detailContainer1ViewController.swift in Sources */,
				449ACB17226110F300C9F666 /* customFaceARViewController.swift in Sources */,
				442113D2229961D600CBE431 /* Extensions_UIImage.swift in Sources */,
				44D5985B2259346700267E71 /* mainCollectionViewCell.swift in Sources */,
				442113D0229961BB00CBE431 /* CoreGraphicsExtensions.swift in Sources */,
				4495550B225BAB750094E317 /* PortholeView.swift in Sources */,
				44BE3BC1225673F60090BB5F /* FaceViewController.swift in Sources */,
				442113DC2299629500CBE431 /* topView.swift in Sources */,
				44455A2A228E7D01006A6652 /* DetailViewController.swift in Sources */,
				443B66C0228EBD48007DDACC /* historyViewController.swift in Sources */,
				44F07812228D99A400427FEB /* HappierFoods.xcdatamodeld in Sources */,
				449ACB13226110B400C9F666 /* smileView.swift in Sources */,
				44104611228ACBA000BF6D92 /* detailContainer5ViewController.swift in Sources */,
				44104601228AB3FB00BF6D92 /* detailContainer3.swift in Sources */,
				4410460D228ACB7C00BF6D92 /* detailContainer3ViewController.swift in Sources */,
				442113CE2299619E00CBE431 /* UIViewExtension.swift in Sources */,
				44BE3B9C22566A230090BB5F /* AppDelegate.swift in Sources */,
				441045FF228AB3EE00BF6D92 /* detailContainer2.swift in Sources */,
				44A63E9122598D03002E656E /* rateFoodViewController.swift in Sources */,
				442113DA2299627700CBE431 /* mainCollectionViewController.swift in Sources */,
				44BE3BC3225674070090BB5F /* FaceView.swift in Sources */,
				44BE3BC52256797D0090BB5F /* FacialExpression.swift in Sources */,
				44104603228AB40F00BF6D92 /* detailContainer4.swift in Sources */,
				44D598652259582B00267E71 /* dataInputViewController.swift in Sources */,
			);
			runOnlyForDeploymentPostprocessing = 0;
		};
		44BE3BAB22566A250090BB5F /* Sources */ = {
			isa = PBXSourcesBuildPhase;
			buildActionMask = 2147483647;
			files = (
				44BE3BB422566A250090BB5F /* HappierFoodsTests.swift in Sources */,
			);
			runOnlyForDeploymentPostprocessing = 0;
		};
/* End PBXSourcesBuildPhase section */

/* Begin PBXTargetDependency section */
		44BE3BB122566A250090BB5F /* PBXTargetDependency */ = {
			isa = PBXTargetDependency;
			target = 44BE3B9722566A230090BB5F /* HappierFoods */;
			targetProxy = 44BE3BB022566A250090BB5F /* PBXContainerItemProxy */;
		};
/* End PBXTargetDependency section */

/* Begin PBXVariantGroup section */
		44BE3B9F22566A230090BB5F /* Main.storyboard */ = {
			isa = PBXVariantGroup;
			children = (
				44BE3BA022566A230090BB5F /* Base */,
			);
			name = Main.storyboard;
			sourceTree = "<group>";
		};
		44BE3BA722566A250090BB5F /* LaunchScreen.storyboard */ = {
			isa = PBXVariantGroup;
			children = (
				44BE3BA822566A250090BB5F /* Base */,
			);
			name = LaunchScreen.storyboard;
			sourceTree = "<group>";
		};
/* End PBXVariantGroup section */

/* Begin XCBuildConfiguration section */
		44BE3BB622566A250090BB5F /* Debug */ = {
			isa = XCBuildConfiguration;
			buildSettings = {
				ALWAYS_SEARCH_USER_PATHS = YES;
				CLANG_ANALYZER_NONNULL = YES;
				CLANG_ANALYZER_NUMBER_OBJECT_CONVERSION = YES_AGGRESSIVE;
				CLANG_CXX_LANGUAGE_STANDARD = "gnu++14";
				CLANG_CXX_LIBRARY = "libc++";
				CLANG_ENABLE_MODULES = YES;
				CLANG_ENABLE_OBJC_ARC = YES;
				CLANG_ENABLE_OBJC_WEAK = YES;
				CLANG_WARN_BLOCK_CAPTURE_AUTORELEASING = YES;
				CLANG_WARN_BOOL_CONVERSION = YES;
				CLANG_WARN_COMMA = YES;
				CLANG_WARN_CONSTANT_CONVERSION = YES;
				CLANG_WARN_DEPRECATED_OBJC_IMPLEMENTATIONS = YES;
				CLANG_WARN_DIRECT_OBJC_ISA_USAGE = YES_ERROR;
				CLANG_WARN_DOCUMENTATION_COMMENTS = YES;
				CLANG_WARN_EMPTY_BODY = YES;
				CLANG_WARN_ENUM_CONVERSION = YES;
				CLANG_WARN_INFINITE_RECURSION = YES;
				CLANG_WARN_INT_CONVERSION = YES;
				CLANG_WARN_NON_LITERAL_NULL_CONVERSION = YES;
				CLANG_WARN_OBJC_IMPLICIT_RETAIN_SELF = YES;
				CLANG_WARN_OBJC_LITERAL_CONVERSION = YES;
				CLANG_WARN_OBJC_ROOT_CLASS = YES_ERROR;
				CLANG_WARN_RANGE_LOOP_ANALYSIS = YES;
				CLANG_WARN_STRICT_PROTOTYPES = YES;
				CLANG_WARN_SUSPICIOUS_MOVE = YES;
				CLANG_WARN_UNGUARDED_AVAILABILITY = YES_AGGRESSIVE;
				CLANG_WARN_UNREACHABLE_CODE = YES;
				CLANG_WARN__DUPLICATE_METHOD_MATCH = YES;
				CODE_SIGN_IDENTITY = "iPhone Developer";
				COPY_PHASE_STRIP = NO;
				DEBUG_INFORMATION_FORMAT = dwarf;
				ENABLE_STRICT_OBJC_MSGSEND = YES;
				ENABLE_TESTABILITY = YES;
				GCC_C_LANGUAGE_STANDARD = gnu11;
				GCC_DYNAMIC_NO_PIC = NO;
				GCC_NO_COMMON_BLOCKS = YES;
				GCC_OPTIMIZATION_LEVEL = 0;
				GCC_PREPROCESSOR_DEFINITIONS = (
					"DEBUG=1",
					"$(inherited)",
				);
				GCC_WARN_64_TO_32_BIT_CONVERSION = YES;
				GCC_WARN_ABOUT_RETURN_TYPE = YES_ERROR;
				GCC_WARN_UNDECLARED_SELECTOR = YES;
				GCC_WARN_UNINITIALIZED_AUTOS = YES_AGGRESSIVE;
				GCC_WARN_UNUSED_FUNCTION = YES;
				GCC_WARN_UNUSED_VARIABLE = YES;
				IPHONEOS_DEPLOYMENT_TARGET = 12.1;
				MTL_ENABLE_DEBUG_INFO = INCLUDE_SOURCE;
				MTL_FAST_MATH = YES;
				ONLY_ACTIVE_ARCH = YES;
				SDKROOT = iphoneos;
				SWIFT_ACTIVE_COMPILATION_CONDITIONS = DEBUG;
				SWIFT_OPTIMIZATION_LEVEL = "-Onone";
			};
			name = Debug;
		};
		44BE3BB722566A250090BB5F /* Release */ = {
			isa = XCBuildConfiguration;
			buildSettings = {
				ALWAYS_SEARCH_USER_PATHS = YES;
				CLANG_ANALYZER_NONNULL = YES;
				CLANG_ANALYZER_NUMBER_OBJECT_CONVERSION = YES_AGGRESSIVE;
				CLANG_CXX_LANGUAGE_STANDARD = "gnu++14";
				CLANG_CXX_LIBRARY = "libc++";
				CLANG_ENABLE_MODULES = YES;
				CLANG_ENABLE_OBJC_ARC = YES;
				CLANG_ENABLE_OBJC_WEAK = YES;
				CLANG_WARN_BLOCK_CAPTURE_AUTORELEASING = YES;
				CLANG_WARN_BOOL_CONVERSION = YES;
				CLANG_WARN_COMMA = YES;
				CLANG_WARN_CONSTANT_CONVERSION = YES;
				CLANG_WARN_DEPRECATED_OBJC_IMPLEMENTATIONS = YES;
				CLANG_WARN_DIRECT_OBJC_ISA_USAGE = YES_ERROR;
				CLANG_WARN_DOCUMENTATION_COMMENTS = YES;
				CLANG_WARN_EMPTY_BODY = YES;
				CLANG_WARN_ENUM_CONVERSION = YES;
				CLANG_WARN_INFINITE_RECURSION = YES;
				CLANG_WARN_INT_CONVERSION = YES;
				CLANG_WARN_NON_LITERAL_NULL_CONVERSION = YES;
				CLANG_WARN_OBJC_IMPLICIT_RETAIN_SELF = YES;
				CLANG_WARN_OBJC_LITERAL_CONVERSION = YES;
				CLANG_WARN_OBJC_ROOT_CLASS = YES_ERROR;
				CLANG_WARN_RANGE_LOOP_ANALYSIS = YES;
				CLANG_WARN_STRICT_PROTOTYPES = YES;
				CLANG_WARN_SUSPICIOUS_MOVE = YES;
				CLANG_WARN_UNGUARDED_AVAILABILITY = YES_AGGRESSIVE;
				CLANG_WARN_UNREACHABLE_CODE = YES;
				CLANG_WARN__DUPLICATE_METHOD_MATCH = YES;
				CODE_SIGN_IDENTITY = "iPhone Developer";
				COPY_PHASE_STRIP = NO;
				DEBUG_INFORMATION_FORMAT = "dwarf-with-dsym";
				ENABLE_NS_ASSERTIONS = NO;
				ENABLE_STRICT_OBJC_MSGSEND = YES;
				GCC_C_LANGUAGE_STANDARD = gnu11;
				GCC_NO_COMMON_BLOCKS = YES;
				GCC_WARN_64_TO_32_BIT_CONVERSION = YES;
				GCC_WARN_ABOUT_RETURN_TYPE = YES_ERROR;
				GCC_WARN_UNDECLARED_SELECTOR = YES;
				GCC_WARN_UNINITIALIZED_AUTOS = YES_AGGRESSIVE;
				GCC_WARN_UNUSED_FUNCTION = YES;
				GCC_WARN_UNUSED_VARIABLE = YES;
				IPHONEOS_DEPLOYMENT_TARGET = 12.1;
				MTL_ENABLE_DEBUG_INFO = NO;
				MTL_FAST_MATH = YES;
				SDKROOT = iphoneos;
				SWIFT_COMPILATION_MODE = singlefile;
				SWIFT_OPTIMIZATION_LEVEL = "-O";
				VALIDATE_PRODUCT = YES;
			};
			name = Release;
		};
		44BE3BB922566A250090BB5F /* Debug */ = {
			isa = XCBuildConfiguration;
			buildSettings = {
				ASSETCATALOG_COMPILER_APPICON_NAME = AppIcon;
				CODE_SIGN_STYLE = Automatic;
				DEVELOPMENT_TEAM = 2E5MDC86ME;
				INFOPLIST_FILE = HappierFoods/Info.plist;
				LD_RUNPATH_SEARCH_PATHS = (
					"$(inherited)",
					"@executable_path/Frameworks",
				);
				PRODUCT_BUNDLE_IDENTIFIER = com.example.HappierFoods;
				PRODUCT_NAME = "$(TARGET_NAME)";
				SWIFT_VERSION = 4.2;
				TARGETED_DEVICE_FAMILY = "1,2";
			};
			name = Debug;
		};
		44BE3BBA22566A250090BB5F /* Release */ = {
			isa = XCBuildConfiguration;
			buildSettings = {
				ASSETCATALOG_COMPILER_APPICON_NAME = AppIcon;
				CODE_SIGN_STYLE = Automatic;
				DEVELOPMENT_TEAM = 2E5MDC86ME;
				INFOPLIST_FILE = HappierFoods/Info.plist;
				LD_RUNPATH_SEARCH_PATHS = (
					"$(inherited)",
					"@executable_path/Frameworks",
				);
				PRODUCT_BUNDLE_IDENTIFIER = com.example.HappierFoods;
				PRODUCT_NAME = "$(TARGET_NAME)";
				SWIFT_VERSION = 4.2;
				TARGETED_DEVICE_FAMILY = "1,2";
			};
			name = Release;
		};
		44BE3BBC22566A250090BB5F /* Debug */ = {
			isa = XCBuildConfiguration;
			buildSettings = {
				ALWAYS_EMBED_SWIFT_STANDARD_LIBRARIES = YES;
				BUNDLE_LOADER = "$(TEST_HOST)";
				CODE_SIGN_STYLE = Automatic;
				INFOPLIST_FILE = HappierFoodsTests/Info.plist;
				LD_RUNPATH_SEARCH_PATHS = (
					"$(inherited)",
					"@executable_path/Frameworks",
					"@loader_path/Frameworks",
				);
				PRODUCT_BUNDLE_IDENTIFIER = com.example.HappierFoodsTests;
				PRODUCT_NAME = "$(TARGET_NAME)";
				SWIFT_VERSION = 4.2;
				TARGETED_DEVICE_FAMILY = "1,2";
				TEST_HOST = "$(BUILT_PRODUCTS_DIR)/HappierFoods.app/HappierFoods";
			};
			name = Debug;
		};
		44BE3BBD22566A250090BB5F /* Release */ = {
			isa = XCBuildConfiguration;
			buildSettings = {
				ALWAYS_EMBED_SWIFT_STANDARD_LIBRARIES = YES;
				BUNDLE_LOADER = "$(TEST_HOST)";
				CODE_SIGN_STYLE = Automatic;
				INFOPLIST_FILE = HappierFoodsTests/Info.plist;
				LD_RUNPATH_SEARCH_PATHS = (
					"$(inherited)",
					"@executable_path/Frameworks",
					"@loader_path/Frameworks",
				);
				PRODUCT_BUNDLE_IDENTIFIER = com.example.HappierFoodsTests;
				PRODUCT_NAME = "$(TARGET_NAME)";
				SWIFT_VERSION = 4.2;
				TARGETED_DEVICE_FAMILY = "1,2";
				TEST_HOST = "$(BUILT_PRODUCTS_DIR)/HappierFoods.app/HappierFoods";
			};
			name = Release;
		};
/* End XCBuildConfiguration section */

/* Begin XCConfigurationList section */
		44BE3B9322566A230090BB5F /* Build configuration list for PBXProject "HappierFoods" */ = {
			isa = XCConfigurationList;
			buildConfigurations = (
				44BE3BB622566A250090BB5F /* Debug */,
				44BE3BB722566A250090BB5F /* Release */,
			);
			defaultConfigurationIsVisible = 0;
			defaultConfigurationName = Debug;
		};
		44BE3BB822566A250090BB5F /* Build configuration list for PBXNativeTarget "HappierFoods" */ = {
			isa = XCConfigurationList;
			buildConfigurations = (
				44BE3BB922566A250090BB5F /* Debug */,
				44BE3BBA22566A250090BB5F /* Release */,
			);
			defaultConfigurationIsVisible = 0;
			defaultConfigurationName = Debug;
		};
		44BE3BBB22566A250090BB5F /* Build configuration list for PBXNativeTarget "HappierFoodsTests" */ = {
			isa = XCConfigurationList;
			buildConfigurations = (
				44BE3BBC22566A250090BB5F /* Debug */,
				44BE3BBD22566A250090BB5F /* Release */,
			);
			defaultConfigurationIsVisible = 0;
			defaultConfigurationName = Debug;
		};
/* End XCConfigurationList section */

/* Begin XCVersionGroup section */
		44F07810228D99A400427FEB /* HappierFoods.xcdatamodeld */ = {
			isa = XCVersionGroup;
			children = (
				44F07811228D99A400427FEB /* HappierFoods.xcdatamodel */,
			);
			currentVersion = 44F07811228D99A400427FEB /* HappierFoods.xcdatamodel */;
			path = HappierFoods.xcdatamodeld;
			sourceTree = "<group>";
			versionGroupType = wrapper.xcdatamodel;
		};
/* End XCVersionGroup section */
	};
	rootObject = 44BE3B9022566A230090BB5F /* Project object */;
}
